
Microsoft Visual Studio Solution File, Format Version 12.00
# Visual Studio Version 16
VisualStudioVersion = 16.0.32901.82
MinimumVisualStudioVersion = 10.0.40219.1
Project("{FAE04EC0-301F-11D3-BF4B-00C04F79EFBC}") = "TelegramBot", "TelegramBot\TelegramBot.csproj", "{989D75A1-87A3-40AA-A7FE-844DAEE62B02}"
EndProject
Global
	GlobalSection(SolutionConfigurationPlatforms) = preSolution
		Debug|Any CPU = Debug|Any CPU
		Release|Any CPU = Release|Any CPU
	EndGlobalSection
	GlobalSection(ProjectConfigurationPlatforms) = postSolution
		{989D75A1-87A3-40AA-A7FE-844DAEE62B02}.Debug|Any CPU.ActiveCfg = Debug|Any CPU
		{989D75A1-87A3-40AA-A7FE-844DAEE62B02}.Debug|Any CPU.Build.0 = Debug|Any CPU
		{989D75A1-87A3-40AA-A7FE-844DAEE62B02}.Release|Any CPU.ActiveCfg = Release|Any CPU
		{989D75A1-87A3-40AA-A7FE-844DAEE62B02}.Release|Any CPU.Build.0 = Release|Any CPU
	EndGlobalSection
	GlobalSection(SolutionProperties) = preSolution
		HideSolutionNode = FALSE
	EndGlobalSection
	GlobalSection(ExtensibilityGlobals) = postSolution
		SolutionGuid = {2EA5FC18-9098-48A9-8956-A30305AFA513}
	EndGlobalSection
EndGlobal
